
Microsoft Visual Studio Solution File, Format Version 12.00
# Visual Studio Version 17
VisualStudioVersion = 17.13.35825.156 d17.13
MinimumVisualStudioVersion = 10.0.40219.1
Project("{FAE04EC0-301F-11D3-BF4B-00C04F79EFBC}") = "ManageCar", "ManageCar.csproj", "{B8261B6F-FBE9-4346-831A-B5C668E02933}"
EndProject
Global
	GlobalSection(SolutionConfigurationPlatforms) = preSolution
		Debug|Any CPU = Debug|Any CPU
		Release|Any CPU = Release|Any CPU
	EndGlobalSection
	GlobalSection(ProjectConfigurationPlatforms) = postSolution
		{B8261B6F-FBE9-4346-831A-B5C668E02933}.Debug|Any CPU.ActiveCfg = Debug|Any CPU
		{B8261B6F-FBE9-4346-831A-B5C668E02933}.Debug|Any CPU.Build.0 = Debug|Any CPU
		{B8261B6F-FBE9-4346-831A-B5C668E02933}.Release|Any CPU.ActiveCfg = Release|Any CPU
		{B8261B6F-FBE9-4346-831A-B5C668E02933}.Release|Any CPU.Build.0 = Release|Any CPU
	EndGlobalSection
	GlobalSection(SolutionProperties) = preSolution
		HideSolutionNode = FALSE
	EndGlobalSection
	GlobalSection(ExtensibilityGlobals) = postSolution
		SolutionGuid = {A30F966B-6766-48CD-8F35-09F81FFB968A}
	EndGlobalSection
EndGlobal
